
Microsoft Visual Studio Solution File, Format Version 12.00
# Visual Studio Version 17
VisualStudioVersion = 17.2.32526.322
MinimumVisualStudioVersion = 10.0.40219.1
Project("{FAE04EC0-301F-11D3-BF4B-00C04F79EFBC}") = "Emoter", "Emoter\Emoter.csproj", "{F64A9606-0EF5-42DA-AC09-D4291BB64346}"
EndProject
Global
	GlobalSection(SolutionConfigurationPlatforms) = preSolution
		Debug|Any CPU = Debug|Any CPU
		Release|Any CPU = Release|Any CPU
	EndGlobalSection
	GlobalSection(ProjectConfigurationPlatforms) = postSolution
		{F64A9606-0EF5-42DA-AC09-D4291BB64346}.Debug|Any CPU.ActiveCfg = Debug|Any CPU
		{F64A9606-0EF5-42DA-AC09-D4291BB64346}.Debug|Any CPU.Build.0 = Debug|Any CPU
		{F64A9606-0EF5-42DA-AC09-D4291BB64346}.Release|Any CPU.ActiveCfg = Release|Any CPU
		{F64A9606-0EF5-42DA-AC09-D4291BB64346}.Release|Any CPU.Build.0 = Release|Any CPU
	EndGlobalSection
	GlobalSection(SolutionProperties) = preSolution
		HideSolutionNode = FALSE
	EndGlobalSection
	GlobalSection(ExtensibilityGlobals) = postSolution
		SolutionGuid = {3767D436-FE2E-4E2E-B879-FB86E5C2E36C}
	EndGlobalSection
EndGlobal
